
Microsoft Visual Studio Solution File, Format Version 12.00
# Visual Studio Version 17
VisualStudioVersion = 17.7.34221.43
MinimumVisualStudioVersion = 10.0.40219.1
Project("{9A19103F-16F7-4668-BE54-9A1E7A4F7556}") = "ConsoleInterativo_v2", "ConsoleInterativo_v2.csproj", "{B8C3B899-B4D5-4AF6-B3BD-39E6466CD861}"
EndProject
Global
	GlobalSection(SolutionConfigurationPlatforms) = preSolution
		Debug|Any CPU = Debug|Any CPU
		Release|Any CPU = Release|Any CPU
	EndGlobalSection
	GlobalSection(ProjectConfigurationPlatforms) = postSolution
		{B8C3B899-B4D5-4AF6-B3BD-39E6466CD861}.Debug|Any CPU.ActiveCfg = Debug|Any CPU
		{B8C3B899-B4D5-4AF6-B3BD-39E6466CD861}.Debug|Any CPU.Build.0 = Debug|Any CPU
		{B8C3B899-B4D5-4AF6-B3BD-39E6466CD861}.Release|Any CPU.ActiveCfg = Release|Any CPU
		{B8C3B899-B4D5-4AF6-B3BD-39E6466CD861}.Release|Any CPU.Build.0 = Release|Any CPU
	EndGlobalSection
	GlobalSection(SolutionProperties) = preSolution
		HideSolutionNode = FALSE
	EndGlobalSection
	GlobalSection(ExtensibilityGlobals) = postSolution
		SolutionGuid = {110EC351-1CD4-4301-85AD-D3EEC8829289}
	EndGlobalSection
EndGlobal
